// !$*UTF8*$!
{
	archiveVersion = 1;
	classes = {
	};
	objectVersion = 50;
	objects = {

/* Begin PBXBuildFile section */
		8E4F6E822557915B0018BD92 /* AppDelegate.swift in Sources */ = {isa = PBXBuildFile; fileRef = 8E4F6E812557915B0018BD92 /* AppDelegate.swift */; };
		8E4F6E842557915B0018BD92 /* SceneDelegate.swift in Sources */ = {isa = PBXBuildFile; fileRef = 8E4F6E832557915B0018BD92 /* SceneDelegate.swift */; };
		8E4F6E862557915B0018BD92 /* ViewController.swift in Sources */ = {isa = PBXBuildFile; fileRef = 8E4F6E852557915B0018BD92 /* ViewController.swift */; };
		8E4F6E892557915B0018BD92 /* Main.storyboard in Resources */ = {isa = PBXBuildFile; fileRef = 8E4F6E872557915B0018BD92 /* Main.storyboard */; };
		8E4F6E8B2557915B0018BD92 /* Assets.xcassets in Resources */ = {isa = PBXBuildFile; fileRef = 8E4F6E8A2557915B0018BD92 /* Assets.xcassets */; };
		8E4F6E8E2557915B0018BD92 /* LaunchScreen.storyboard in Resources */ = {isa = PBXBuildFile; fileRef = 8E4F6E8C2557915B0018BD92 /* LaunchScreen.storyboard */; };
		8E4F6E992557915C0018BD92 /* demo01Tests.swift in Sources */ = {isa = PBXBuildFile; fileRef = 8E4F6E982557915C0018BD92 /* demo01Tests.swift */; };
		8E4F6EA42557915C0018BD92 /* demo01UITests.swift in Sources */ = {isa = PBXBuildFile; fileRef = 8E4F6EA32557915C0018BD92 /* demo01UITests.swift */; };
/* End PBXBuildFile section */

/* Begin PBXContainerItemProxy section */
		8E4F6E952557915C0018BD92 /* PBXContainerItemProxy */ = {
			isa = PBXContainerItemProxy;
			containerPortal = 8E4F6E762557915A0018BD92 /* Project object */;
			proxyType = 1;
			remoteGlobalIDString = 8E4F6E7D2557915B0018BD92;
			remoteInfo = demo01;
		};
		8E4F6EA02557915C0018BD92 /* PBXContainerItemProxy */ = {
			isa = PBXContainerItemProxy;
			containerPortal = 8E4F6E762557915A0018BD92 /* Project object */;
			proxyType = 1;
			remoteGlobalIDString = 8E4F6E7D2557915B0018BD92;
			remoteInfo = demo01;
		};
/* End PBXContainerItemProxy section */

/* Begin PBXFileReference section */
		8E4F6E7E2557915B0018BD92 /* demo01.app */ = {isa = PBXFileReference; explicitFileType = wrapper.application; includeInIndex = 0; path = demo01.app; sourceTree = BUILT_PRODUCTS_DIR; };
		8E4F6E812557915B0018BD92 /* AppDelegate.swift */ = {isa = PBXFileReference; lastKnownFileType = sourcecode.swift; path = AppDelegate.swift; sourceTree = "<group>"; };
		8E4F6E832557915B0018BD92 /* SceneDelegate.swift */ = {isa = PBXFileReference; lastKnownFileType = sourcecode.swift; path = SceneDelegate.swift; sourceTree = "<group>"; };
		8E4F6E852557915B0018BD92 /* ViewController.swift */ = {isa = PBXFileReference; lastKnownFileType = sourcecode.swift; path = ViewController.swift; sourceTree = "<group>"; };
		8E4F6E882557915B0018BD92 /* Base */ = {isa = PBXFileReference; lastKnownFileType = file.storyboard; name = Base; path = Base.lproj/Main.storyboard; sourceTree = "<group>"; };
		8E4F6E8A2557915B0018BD92 /* Assets.xcassets */ = {isa = PBXFileReference; lastKnownFileType = folder.assetcatalog; path = Assets.xcassets; sourceTree = "<group>"; };
		8E4F6E8D2557915B0018BD92 /* Base */ = {isa = PBXFileReference; lastKnownFileType = file.storyboard; name = Base; path = Base.lproj/LaunchScreen.storyboard; sourceTree = "<group>"; };
		8E4F6E8F2557915B0018BD92 /* Info.plist */ = {isa = PBXFileReference; lastKnownFileType = text.plist.xml; path = Info.plist; sourceTree = "<group>"; };
		8E4F6E942557915C0018BD92 /* demo01Tests.xctest */ = {isa = PBXFileReference; explicitFileType = wrapper.cfbundle; includeInIndex = 0; path = demo01Tests.xctest; sourceTree = BUILT_PRODUCTS_DIR; };
		8E4F6E982557915C0018BD92 /* demo01Tests.swift */ = {isa = PBXFileReference; lastKnownFileType = sourcecode.swift; path = demo01Tests.swift; sourceTree = "<group>"; };
		8E4F6E9A2557915C0018BD92 /* Info.plist */ = {isa = PBXFileReference; lastKnownFileType = text.plist.xml; path = Info.plist; sourceTree = "<group>"; };
		8E4F6E9F2557915C0018BD92 /* demo01UITests.xctest */ = {isa = PBXFileReference; explicitFileType = wrapper.cfbundle; includeInIndex = 0; path = demo01UITests.xctest; sourceTree = BUILT_PRODUCTS_DIR; };
		8E4F6EA32557915C0018BD92 /* demo01UITests.swift */ = {isa = PBXFileReference; lastKnownFileType = sourcecode.swift; path = demo01UITests.swift; sourceTree = "<group>"; };
		8E4F6EA52557915C0018BD92 /* Info.plist */ = {isa = PBXFileReference; lastKnownFileType = text.plist.xml; path = Info.plist; sourceTree = "<group>"; };
/* End PBXFileReference section */

/* Begin PBXFrameworksBuildPhase section */
		8E4F6E7B2557915B0018BD92 /* Frameworks */ = {
			isa = PBXFrameworksBuildPhase;
			buildActionMask = 2147483647;
			files = (
			);
			runOnlyForDeploymentPostprocessing = 0;
		};
		8E4F6E912557915C0018BD92 /* Frameworks */ = {
			isa = PBXFrameworksBuildPhase;
			buildActionMask = 2147483647;
			files = (
			);
			runOnlyForDeploymentPostprocessing = 0;
		};
		8E4F6E9C2557915C0018BD92 /* Frameworks */ = {
			isa = PBXFrameworksBuildPhase;
			buildActionMask = 2147483647;
			files = (
			);
			runOnlyForDeploymentPostprocessing = 0;
		};
/* End PBXFrameworksBuildPhase section */

/* Begin PBXGroup section */
		8E4F6E752557915A0018BD92 = {
			isa = PBXGroup;
			children = (
				8E4F6E802557915B0018BD92 /* demo01 */,
				8E4F6E972557915C0018BD92 /* demo01Tests */,
				8E4F6EA22557915C0018BD92 /* demo01UITests */,
				8E4F6E7F2557915B0018BD92 /* Products */,
			);
			sourceTree = "<group>";
		};
		8E4F6E7F2557915B0018BD92 /* Products */ = {
			isa = PBXGroup;
			children = (
				8E4F6E7E2557915B0018BD92 /* demo01.app */,
				8E4F6E942557915C0018BD92 /* demo01Tests.xctest */,
				8E4F6E9F2557915C0018BD92 /* demo01UITests.xctest */,
			);
			name = Products;
			sourceTree = "<group>";
		};
		8E4F6E802557915B0018BD92 /* demo01 */ = {
			isa = PBXGroup;
			children = (
				8E4F6E812557915B0018BD92 /* AppDelegate.swift */,
				8E4F6E832557915B0018BD92 /* SceneDelegate.swift */,
				8E4F6E852557915B0018BD92 /* ViewController.swift */,
				8E4F6E872557915B0018BD92 /* Main.storyboard */,
				8E4F6E8A2557915B0018BD92 /* Assets.xcassets */,
				8E4F6E8C2557915B0018BD92 /* LaunchScreen.storyboard */,
				8E4F6E8F2557915B0018BD92 /* Info.plist */,
			);
			path = demo01;
			sourceTree = "<group>";
		};
		8E4F6E972557915C0018BD92 /* demo01Tests */ = {
			isa = PBXGroup;
			children = (
				8E4F6E982557915C0018BD92 /* demo01Tests.swift */,
				8E4F6E9A2557915C0018BD92 /* Info.plist */,
			);
			path = demo01Tests;
			sourceTree = "<group>";
		};
		8E4F6EA22557915C0018BD92 /* demo01UITests */ = {
			isa = PBXGroup;
			children = (
				8E4F6EA32557915C0018BD92 /* demo01UITests.swift */,
				8E4F6EA52557915C0018BD92 /* Info.plist */,
			);
			path = demo01UITests;
			sourceTree = "<group>";
		};
/* End PBXGroup section */

/* Begin PBXNativeTarget section */
		8E4F6E7D2557915B0018BD92 /* demo01 */ = {
			isa = PBXNativeTarget;
			buildConfigurationList = 8E4F6EA82557915C0018BD92 /* Build configuration list for PBXNativeTarget "demo01" */;
			buildPhases = (
				8E4F6E7A2557915B0018BD92 /* Sources */,
				8E4F6E7B2557915B0018BD92 /* Frameworks */,
				8E4F6E7C2557915B0018BD92 /* Resources */,
			);
			buildRules = (
			);
			dependencies = (
			);
			name = demo01;
			productName = demo01;
			productReference = 8E4F6E7E2557915B0018BD92 /* demo01.app */;
			productType = "com.apple.product-type.application";
		};
		8E4F6E932557915C0018BD92 /* demo01Tests */ = {
			isa = PBXNativeTarget;
			buildConfigurationList = 8E4F6EAB2557915C0018BD92 /* Build configuration list for PBXNativeTarget "demo01Tests" */;
			buildPhases = (
				8E4F6E902557915C0018BD92 /* Sources */,
				8E4F6E912557915C0018BD92 /* Frameworks */,
				8E4F6E922557915C0018BD92 /* Resources */,
			);
			buildRules = (
			);
			dependencies = (
				8E4F6E962557915C0018BD92 /* PBXTargetDependency */,
			);
			name = demo01Tests;
			productName = demo01Tests;
			productReference = 8E4F6E942557915C0018BD92 /* demo01Tests.xctest */;
			productType = "com.apple.product-type.bundle.unit-test";
		};
		8E4F6E9E2557915C0018BD92 /* demo01UITests */ = {
			isa = PBXNativeTarget;
			buildConfigurationList = 8E4F6EAE2557915C0018BD92 /* Build configuration list for PBXNativeTarget "demo01UITests" */;
			buildPhases = (
				8E4F6E9B2557915C0018BD92 /* Sources */,
				8E4F6E9C2557915C0018BD92 /* Frameworks */,
				8E4F6E9D2557915C0018BD92 /* Resources */,
			);
			buildRules = (
			);
			dependencies = (
				8E4F6EA12557915C0018BD92 /* PBXTargetDependency */,
			);
			name = demo01UITests;
			productName = demo01UITests;
			productReference = 8E4F6E9F2557915C0018BD92 /* demo01UITests.xctest */;
			productType = "com.apple.product-type.bundle.ui-testing";
		};
/* End PBXNativeTarget section */

/* Begin PBXProject section */
		8E4F6E762557915A0018BD92 /* Project object */ = {
			isa = PBXProject;
			attributes = {
				LastSwiftUpdateCheck = 1210;
				LastUpgradeCheck = 1210;
				TargetAttributes = {
					8E4F6E7D2557915B0018BD92 = {
						CreatedOnToolsVersion = 12.1;
					};
					8E4F6E932557915C0018BD92 = {
						CreatedOnToolsVersion = 12.1;
						TestTargetID = 8E4F6E7D2557915B0018BD92;
					};
					8E4F6E9E2557915C0018BD92 = {
						CreatedOnToolsVersion = 12.1;
						TestTargetID = 8E4F6E7D2557915B0018BD92;
					};
				};
			};
			buildConfigurationList = 8E4F6E792557915A0018BD92 /* Build configuration list for PBXProject "demo01" */;
			compatibilityVersion = "Xcode 9.3";
			developmentRegion = en;
			hasScannedForEncodings = 0;
			knownRegions = (
				en,
				Base,
			);
			mainGroup = 8E4F6E752557915A0018BD92;
			productRefGroup = 8E4F6E7F2557915B0018BD92 /* Products */;
			projectDirPath = "";
			projectRoot = "";
			targets = (
				8E4F6E7D2557915B0018BD92 /* demo01 */,
				8E4F6E932557915C0018BD92 /* demo01Tests */,
				8E4F6E9E2557915C0018BD92 /* demo01UITests */,
			);
		};
/* End PBXProject section */

/* Begin PBXResourcesBuildPhase section */
		8E4F6E7C2557915B0018BD92 /* Resources */ = {
			isa = PBXResourcesBuildPhase;
			buildActionMask = 2147483647;
			files = (
				8E4F6E8E2557915B0018BD92 /* LaunchScreen.storyboard in Resources */,
				8E4F6E8B2557915B0018BD92 /* Assets.xcassets in Resources */,
				8E4F6E892557915B0018BD92 /* Main.storyboard in Resources */,
			);
			runOnlyForDeploymentPostprocessing = 0;
		};
		8E4F6E922557915C0018BD92 /* Resources */ = {
			isa = PBXResourcesBuildPhase;
			buildActionMask = 2147483647;
			files = (
			);
			runOnlyForDeploymentPostprocessing = 0;
		};
		8E4F6E9D2557915C0018BD92 /* Resources */ = {
			isa = PBXResourcesBuildPhase;
			buildActionMask = 2147483647;
			files = (
			);
			runOnlyForDeploymentPostprocessing = 0;
		};
/* End PBXResourcesBuildPhase section */

/* Begin PBXSourcesBuildPhase section */
		8E4F6E7A2557915B0018BD92 /* Sources */ = {
			isa = PBXSourcesBuildPhase;
			buildActionMask = 2147483647;
			files = (
				8E4F6E862557915B0018BD92 /* ViewController.swift in Sources */,
				8E4F6E822557915B0018BD92 /* AppDelegate.swift in Sources */,
				8E4F6E842557915B0018BD92 /* SceneDelegate.swift in Sources */,
			);
			runOnlyForDeploymentPostprocessing = 0;
		};
		8E4F6E902557915C0018BD92 /* Sources */ = {
			isa = PBXSourcesBuildPhase;
			buildActionMask = 2147483647;
			files = (
				8E4F6E992557915C0018BD92 /* demo01Tests.swift in Sources */,
			);
			runOnlyForDeploymentPostprocessing = 0;
		};
		8E4F6E9B2557915C0018BD92 /* Sources */ = {
			isa = PBXSourcesBuildPhase;
			buildActionMask = 2147483647;
			files = (
				8E4F6EA42557915C0018BD92 /* demo01UITests.swift in Sources */,
			);
			runOnlyForDeploymentPostprocessing = 0;
		};
/* End PBXSourcesBuildPhase section */

/* Begin PBXTargetDependency section */
		8E4F6E962557915C0018BD92 /* PBXTargetDependency */ = {
			isa = PBXTargetDependency;
			target = 8E4F6E7D2557915B0018BD92 /* demo01 */;
			targetProxy = 8E4F6E952557915C0018BD92 /* PBXContainerItemProxy */;
		};
		8E4F6EA12557915C0018BD92 /* PBXTargetDependency */ = {
			isa = PBXTargetDependency;
			target = 8E4F6E7D2557915B0018BD92 /* demo01 */;
			targetProxy = 8E4F6EA02557915C0018BD92 /* PBXContainerItemProxy */;
		};
/* End PBXTargetDependency section */

/* Begin PBXVariantGroup section */
		8E4F6E872557915B0018BD92 /* Main.storyboard */ = {
			isa = PBXVariantGroup;
			children = (
				8E4F6E882557915B0018BD92 /* Base */,
			);
			name = Main.storyboard;
			sourceTree = "<group>";
		};
		8E4F6E8C2557915B0018BD92 /* LaunchScreen.storyboard */ = {
			isa = PBXVariantGroup;
			children = (
				8E4F6E8D2557915B0018BD92 /* Base */,
			);
			name = LaunchScreen.storyboard;
			sourceTree = "<group>";
		};
/* End PBXVariantGroup section */

/* Begin XCBuildConfiguration section */
		8E4F6EA62557915C0018BD92 /* Debug */ = {
			isa = XCBuildConfiguration;
			buildSettings = {
				ALWAYS_SEARCH_USER_PATHS = NO;
				CLANG_ANALYZER_NONNULL = YES;
				CLANG_ANALYZER_NUMBER_OBJECT_CONVERSION = YES_AGGRESSIVE;
				CLANG_CXX_LANGUAGE_STANDARD = "gnu++14";
				CLANG_CXX_LIBRARY = "libc++";
				CLANG_ENABLE_MODULES = YES;
				CLANG_ENABLE_OBJC_ARC = YES;
				CLANG_ENABLE_OBJC_WEAK = YES;
				CLANG_WARN_BLOCK_CAPTURE_AUTORELEASING = YES;
				CLANG_WARN_BOOL_CONVERSION = YES;
				CLANG_WARN_COMMA = YES;
				CLANG_WARN_CONSTANT_CONVERSION = YES;
				CLANG_WARN_DEPRECATED_OBJC_IMPLEMENTATIONS = YES;
				CLANG_WARN_DIRECT_OBJC_ISA_USAGE = YES_ERROR;
				CLANG_WARN_DOCUMENTATION_COMMENTS = YES;
				CLANG_WARN_EMPTY_BODY = YES;
				CLANG_WARN_ENUM_CONVERSION = YES;
				CLANG_WARN_INFINITE_RECURSION = YES;
				CLANG_WARN_INT_CONVERSION = YES;
				CLANG_WARN_NON_LITERAL_NULL_CONVERSION = YES;
				CLANG_WARN_OBJC_IMPLICIT_RETAIN_SELF = YES;
				CLANG_WARN_OBJC_LITERAL_CONVERSION = YES;
				CLANG_WARN_OBJC_ROOT_CLASS = YES_ERROR;
				CLANG_WARN_QUOTED_INCLUDE_IN_FRAMEWORK_HEADER = YES;
				CLANG_WARN_RANGE_LOOP_ANALYSIS = YES;
				CLANG_WARN_STRICT_PROTOTYPES = YES;
				CLANG_WARN_SUSPICIOUS_MOVE = YES;
				CLANG_WARN_UNGUARDED_AVAILABILITY = YES_AGGRESSIVE;
				CLANG_WARN_UNREACHABLE_CODE = YES;
				CLANG_WARN__DUPLICATE_METHOD_MATCH = YES;
				COPY_PHASE_STRIP = NO;
				DEBUG_INFORMATION_FORMAT = dwarf;
				ENABLE_STRICT_OBJC_MSGSEND = YES;
				ENABLE_TESTABILITY = YES;
				GCC_C_LANGUAGE_STANDARD = gnu11;
				GCC_DYNAMIC_NO_PIC = NO;
				GCC_NO_COMMON_BLOCKS = YES;
				GCC_OPTIMIZATION_LEVEL = 0;
				GCC_PREPROCESSOR_DEFINITIONS = (
					"DEBUG=1",
					"$(inherited)",
				);
				GCC_WARN_64_TO_32_BIT_CONVERSION = YES;
				GCC_WARN_ABOUT_RETURN_TYPE = YES_ERROR;
				GCC_WARN_UNDECLARED_SELECTOR = YES;
				GCC_WARN_UNINITIALIZED_AUTOS = YES_AGGRESSIVE;
				GCC_WARN_UNUSED_FUNCTION = YES;
				GCC_WARN_UNUSED_VARIABLE = YES;
				IPHONEOS_DEPLOYMENT_TARGET = 14.1;
				MTL_ENABLE_DEBUG_INFO = INCLUDE_SOURCE;
				MTL_FAST_MATH = YES;
				ONLY_ACTIVE_ARCH = YES;
				SDKROOT = iphoneos;
				SWIFT_ACTIVE_COMPILATION_CONDITIONS = DEBUG;
				SWIFT_OPTIMIZATION_LEVEL = "-Onone";
			};
			name = Debug;
		};
		8E4F6EA72557915C0018BD92 /* Release */ = {
			isa = XCBuildConfiguration;
			buildSettings = {
				ALWAYS_SEARCH_USER_PATHS = NO;
				CLANG_ANALYZER_NONNULL = YES;
				CLANG_ANALYZER_NUMBER_OBJECT_CONVERSION = YES_AGGRESSIVE;
				CLANG_CXX_LANGUAGE_STANDARD = "gnu++14";
				CLANG_CXX_LIBRARY = "libc++";
				CLANG_ENABLE_MODULES = YES;
				CLANG_ENABLE_OBJC_ARC = YES;
				CLANG_ENABLE_OBJC_WEAK = YES;
				CLANG_WARN_BLOCK_CAPTURE_AUTORELEASING = YES;
				CLANG_WARN_BOOL_CONVERSION = YES;
				CLANG_WARN_COMMA = YES;
				CLANG_WARN_CONSTANT_CONVERSION = YES;
				CLANG_WARN_DEPRECATED_OBJC_IMPLEMENTATIONS = YES;
				CLANG_WARN_DIRECT_OBJC_ISA_USAGE = YES_ERROR;
				CLANG_WARN_DOCUMENTATION_COMMENTS = YES;
				CLANG_WARN_EMPTY_BODY = YES;
				CLANG_WARN_ENUM_CONVERSION = YES;
				CLANG_WARN_INFINITE_RECURSION = YES;
				CLANG_WARN_INT_CONVERSION = YES;
				CLANG_WARN_NON_LITERAL_NULL_CONVERSION = YES;
				CLANG_WARN_OBJC_IMPLICIT_RETAIN_SELF = YES;
				CLANG_WARN_OBJC_LITERAL_CONVERSION = YES;
				CLANG_WARN_OBJC_ROOT_CLASS = YES_ERROR;
				CLANG_WARN_QUOTED_INCLUDE_IN_FRAMEWORK_HEADER = YES;
				CLANG_WARN_RANGE_LOOP_ANALYSIS = YES;
				CLANG_WARN_STRICT_PROTOTYPES = YES;
				CLANG_WARN_SUSPICIOUS_MOVE = YES;
				CLANG_WARN_UNGUARDED_AVAILABILITY = YES_AGGRESSIVE;
				CLANG_WARN_UNREACHABLE_CODE = YES;
				CLANG_WARN__DUPLICATE_METHOD_MATCH = YES;
				COPY_PHASE_STRIP = NO;
				DEBUG_INFORMATION_FORMAT = "dwarf-with-dsym";
				ENABLE_NS_ASSERTIONS = NO;
				ENABLE_STRICT_OBJC_MSGSEND = YES;
				GCC_C_LANGUAGE_STANDARD = gnu11;
				GCC_NO_COMMON_BLOCKS = YES;
				GCC_WARN_64_TO_32_BIT_CONVERSION = YES;
				GCC_WARN_ABOUT_RETURN_TYPE = YES_ERROR;
				GCC_WARN_UNDECLARED_SELECTOR = YES;
				GCC_WARN_UNINITIALIZED_AUTOS = YES_AGGRESSIVE;
				GCC_WARN_UNUSED_FUNCTION = YES;
				GCC_WARN_UNUSED_VARIABLE = YES;
				IPHONEOS_DEPLOYMENT_TARGET = 14.1;
				MTL_ENABLE_DEBUG_INFO = NO;
				MTL_FAST_MATH = YES;
				SDKROOT = iphoneos;
				SWIFT_COMPILATION_MODE = wholemodule;
				SWIFT_OPTIMIZATION_LEVEL = "-O";
				VALIDATE_PRODUCT = YES;
			};
			name = Release;
		};
		8E4F6EA92557915C0018BD92 /* Debug */ = {
			isa = XCBuildConfiguration;
			buildSettings = {
				ASSETCATALOG_COMPILER_APPICON_NAME = AppIcon;
				ASSETCATALOG_COMPILER_GLOBAL_ACCENT_COLOR_NAME = AccentColor;
				CODE_SIGN_STYLE = Automatic;
				INFOPLIST_FILE = demo01/Info.plist;
				LD_RUNPATH_SEARCH_PATHS = (
					"$(inherited)",
					"@executable_path/Frameworks",
				);
				PRODUCT_BUNDLE_IDENTIFIER = com.jerryliu.demo01;
				PRODUCT_NAME = "$(TARGET_NAME)";
				SWIFT_VERSION = 5.0;
				TARGETED_DEVICE_FAMILY = 1;
			};
			name = Debug;
		};
		8E4F6EAA2557915C0018BD92 /* Release */ = {
			isa = XCBuildConfiguration;
			buildSettings = {
				ASSETCATALOG_COMPILER_APPICON_NAME = AppIcon;
				ASSETCATALOG_COMPILER_GLOBAL_ACCENT_COLOR_NAME = AccentColor;
				CODE_SIGN_STYLE = Automatic;
				INFOPLIST_FILE = demo01/Info.plist;
				LD_RUNPATH_SEARCH_PATHS = (
					"$(inherited)",
					"@executable_path/Frameworks",
				);
				PRODUCT_BUNDLE_IDENTIFIER = com.jerryliu.demo01;
				PRODUCT_NAME = "$(TARGET_NAME)";
				SWIFT_VERSION = 5.0;
				TARGETED_DEVICE_FAMILY = 1;
			};
			name = Release;
		};
		8E4F6EAC2557915C0018BD92 /* Debug */ = {
			isa = XCBuildConfiguration;
			buildSettings = {
				ALWAYS_EMBED_SWIFT_STANDARD_LIBRARIES = YES;
				BUNDLE_LOADER = "$(TEST_HOST)";
				CODE_SIGN_STYLE = Automatic;
				INFOPLIST_FILE = demo01Tests/Info.plist;
				IPHONEOS_DEPLOYMENT_TARGET = 14.1;
				LD_RUNPATH_SEARCH_PATHS = (
					"$(inherited)",
					"@executable_path/Frameworks",
					"@loader_path/Frameworks",
				);
				PRODUCT_BUNDLE_IDENTIFIER = com.jerryliu.demo01Tests;
				PRODUCT_NAME = "$(TARGET_NAME)";
				SWIFT_VERSION = 5.0;
				TARGETED_DEVICE_FAMILY = "1,2";
				TEST_HOST = "$(BUILT_PRODUCTS_DIR)/demo01.app/demo01";
			};
			name = Debug;
		};
		8E4F6EAD2557915C0018BD92 /* Release */ = {
			isa = XCBuildConfiguration;
			buildSettings = {
				ALWAYS_EMBED_SWIFT_STANDARD_LIBRARIES = YES;
				BUNDLE_LOADER = "$(TEST_HOST)";
				CODE_SIGN_STYLE = Automatic;
				INFOPLIST_FILE = demo01Tests/Info.plist;
				IPHONEOS_DEPLOYMENT_TARGET = 14.1;
				LD_RUNPATH_SEARCH_PATHS = (
					"$(inherited)",
					"@executable_path/Frameworks",
					"@loader_path/Frameworks",
				);
				PRODUCT_BUNDLE_IDENTIFIER = com.jerryliu.demo01Tests;
				PRODUCT_NAME = "$(TARGET_NAME)";
				SWIFT_VERSION = 5.0;
				TARGETED_DEVICE_FAMILY = "1,2";
				TEST_HOST = "$(BUILT_PRODUCTS_DIR)/demo01.app/demo01";
			};
			name = Release;
		};
		8E4F6EAF2557915C0018BD92 /* Debug */ = {
			isa = XCBuildConfiguration;
			buildSettings = {
				ALWAYS_EMBED_SWIFT_STANDARD_LIBRARIES = YES;
				CODE_SIGN_STYLE = Automatic;
				INFOPLIST_FILE = demo01UITests/Info.plist;
				LD_RUNPATH_SEARCH_PATHS = (
					"$(inherited)",
					"@executable_path/Frameworks",
					"@loader_path/Frameworks",
				);
				PRODUCT_BUNDLE_IDENTIFIER = com.jerryliu.demo01UITests;
				PRODUCT_NAME = "$(TARGET_NAME)";
				SWIFT_VERSION = 5.0;
				TARGETED_DEVICE_FAMILY = "1,2";
				TEST_TARGET_NAME = demo01;
			};
			name = Debug;
		};
		8E4F6EB02557915C0018BD92 /* Release */ = {
			isa = XCBuildConfiguration;
			buildSettings = {
				ALWAYS_EMBED_SWIFT_STANDARD_LIBRARIES = YES;
				CODE_SIGN_STYLE = Automatic;
				INFOPLIST_FILE = demo01UITests/Info.plist;
				LD_RUNPATH_SEARCH_PATHS = (
					"$(inherited)",
					"@executable_path/Frameworks",
					"@loader_path/Frameworks",
				);
				PRODUCT_BUNDLE_IDENTIFIER = com.jerryliu.demo01UITests;
				PRODUCT_NAME = "$(TARGET_NAME)";
				SWIFT_VERSION = 5.0;
				TARGETED_DEVICE_FAMILY = "1,2";
				TEST_TARGET_NAME = demo01;
			};
			name = Release;
		};
/* End XCBuildConfiguration section */

/* Begin XCConfigurationList section */
		8E4F6E792557915A0018BD92 /* Build configuration list for PBXProject "demo01" */ = {
			isa = XCConfigurationList;
			buildConfigurations = (
				8E4F6EA62557915C0018BD92 /* Debug */,
				8E4F6EA72557915C0018BD92 /* Release */,
			);
			defaultConfigurationIsVisible = 0;
			defaultConfigurationName = Release;
		};
		8E4F6EA82557915C0018BD92 /* Build configuration list for PBXNativeTarget "demo01" */ = {
			isa = XCConfigurationList;
			buildConfigurations = (
				8E4F6EA92557915C0018BD92 /* Debug */,
				8E4F6EAA2557915C0018BD92 /* Release */,
			);
			defaultConfigurationIsVisible = 0;
			defaultConfigurationName = Release;
		};
		8E4F6EAB2557915C0018BD92 /* Build configuration list for PBXNativeTarget "demo01Tests" */ = {
			isa = XCConfigurationList;
			buildConfigurations = (
				8E4F6EAC2557915C0018BD92 /* Debug */,
				8E4F6EAD2557915C0018BD92 /* Release */,
			);
			defaultConfigurationIsVisible = 0;
			defaultConfigurationName = Release;
		};
		8E4F6EAE2557915C0018BD92 /* Build configuration list for PBXNativeTarget "demo01UITests" */ = {
			isa = XCConfigurationList;
			buildConfigurations = (
				8E4F6EAF2557915C0018BD92 /* Debug */,
				8E4F6EB02557915C0018BD92 /* Release */,
			);
			defaultConfigurationIsVisible = 0;
			defaultConfigurationName = Release;
		};
/* End XCConfigurationList section */
	};
	rootObject = 8E4F6E762557915A0018BD92 /* Project object */;
}
